
Microsoft Visual Studio Solution File, Format Version 12.00
# Visual Studio Version 17
VisualStudioVersion = 17.8.34601.278
MinimumVisualStudioVersion = 10.0.40219.1
Project("{9A19103F-16F7-4668-BE54-9A1E7A4F7556}") = "FiyiCompassDB", "FiyiCompassDB.csproj", "{805B5778-D517-4B3E-9697-4C6AC79391BE}"
EndProject
Project("{9A19103F-16F7-4668-BE54-9A1E7A4F7556}") = "FiyiStack.Library", "..\FiyiStack.Library\FiyiStack.Library\FiyiStack.Library.csproj", "{2F64C5DA-7D63-4D71-AF72-255BEF09403B}"
EndProject
Global
	GlobalSection(SolutionConfigurationPlatforms) = preSolution
		Debug|Any CPU = Debug|Any CPU
		Release|Any CPU = Release|Any CPU
	EndGlobalSection
	GlobalSection(ProjectConfigurationPlatforms) = postSolution
		{805B5778-D517-4B3E-9697-4C6AC79391BE}.Debug|Any CPU.ActiveCfg = Debug|Any CPU
		{805B5778-D517-4B3E-9697-4C6AC79391BE}.Debug|Any CPU.Build.0 = Debug|Any CPU
		{805B5778-D517-4B3E-9697-4C6AC79391BE}.Release|Any CPU.ActiveCfg = Release|Any CPU
		{805B5778-D517-4B3E-9697-4C6AC79391BE}.Release|Any CPU.Build.0 = Release|Any CPU
		{2F64C5DA-7D63-4D71-AF72-255BEF09403B}.Debug|Any CPU.ActiveCfg = Debug|Any CPU
		{2F64C5DA-7D63-4D71-AF72-255BEF09403B}.Debug|Any CPU.Build.0 = Debug|Any CPU
		{2F64C5DA-7D63-4D71-AF72-255BEF09403B}.Release|Any CPU.ActiveCfg = Release|Any CPU
		{2F64C5DA-7D63-4D71-AF72-255BEF09403B}.Release|Any CPU.Build.0 = Release|Any CPU
	EndGlobalSection
	GlobalSection(SolutionProperties) = preSolution
		HideSolutionNode = FALSE
	EndGlobalSection
	GlobalSection(ExtensibilityGlobals) = postSolution
		SolutionGuid = {028D2D2D-FDA7-4CA5-9B83-94F51C71894F}
	EndGlobalSection
EndGlobal
